// !$*UTF8*$!
{
	archiveVersion = 1;
	classes = {
	};
	objectVersion = 51;
	objects = {

/* Begin PBXBuildFile section */
		600216C422BB7EA9003CAC87 /* RealmDao.swift in Sources */ = {isa = PBXBuildFile; fileRef = 600216C322BB7EA9003CAC87 /* RealmDao.swift */; };
		601571D522C2471300E8D574 /* GroupDao.swift in Sources */ = {isa = PBXBuildFile; fileRef = 601571D422C2471300E8D574 /* GroupDao.swift */; };
		602467D622C5F25B00D57E00 /* AddNewSongViewController.swift in Sources */ = {isa = PBXBuildFile; fileRef = 602467D522C5F25B00D57E00 /* AddNewSongViewController.swift */; };
		602467DB22C6015900D57E00 /* AddNewItemProtocol.swift in Sources */ = {isa = PBXBuildFile; fileRef = 602467DA22C6015900D57E00 /* AddNewItemProtocol.swift */; };
		602467DD22C6212A00D57E00 /* TableViewController.swift in Sources */ = {isa = PBXBuildFile; fileRef = 602467DC22C6212A00D57E00 /* TableViewController.swift */; };
		602467DF22C6245B00D57E00 /* File.swift in Sources */ = {isa = PBXBuildFile; fileRef = 602467DE22C6245B00D57E00 /* File.swift */; };
		602467E122C6320A00D57E00 /* AckordDao.swift in Sources */ = {isa = PBXBuildFile; fileRef = 602467E022C6320A00D57E00 /* AckordDao.swift */; };
		60421CDB230146CA00DA5932 /* defaultPreNot.realm in Resources */ = {isa = PBXBuildFile; fileRef = 60421CDA230146CA00DA5932 /* defaultPreNot.realm */; };
		605A0CCE2327EC41001C5AEC /* default.realm in Resources */ = {isa = PBXBuildFile; fileRef = 605A0CCD2327EC41001C5AEC /* default.realm */; };
		605A6A1623265E500088ABBB /* defaultPic.realm in Resources */ = {isa = PBXBuildFile; fileRef = 605A6A1523265E500088ABBB /* defaultPic.realm */; };
		6072B3FE22BA0F5100F9E5F6 /* GroupViewController.swift in Sources */ = {isa = PBXBuildFile; fileRef = 6072B3FD22BA0F5100F9E5F6 /* GroupViewController.swift */; };
		6072B40022BA12A400F9E5F6 /* Group.swift in Sources */ = {isa = PBXBuildFile; fileRef = 6072B3FF22BA12A400F9E5F6 /* Group.swift */; };
		6072B40622BA146100F9E5F6 /* Song.swift in Sources */ = {isa = PBXBuildFile; fileRef = 6072B40522BA146100F9E5F6 /* Song.swift */; };
		6072B40822BA15A500F9E5F6 /* SongViewCell.swift in Sources */ = {isa = PBXBuildFile; fileRef = 6072B40722BA15A500F9E5F6 /* SongViewCell.swift */; };
		6072B40B22BA275500F9E5F6 /* AckordViewCell.swift in Sources */ = {isa = PBXBuildFile; fileRef = 6072B40A22BA275500F9E5F6 /* AckordViewCell.swift */; };
		6072B40D22BA4AE800F9E5F6 /* SongViewController.swift in Sources */ = {isa = PBXBuildFile; fileRef = 6072B40C22BA4AE800F9E5F6 /* SongViewController.swift */; };
		6072B40F22BA4D1D00F9E5F6 /* Ackord.swift in Sources */ = {isa = PBXBuildFile; fileRef = 6072B40E22BA4D1D00F9E5F6 /* Ackord.swift */; };
		607B3CE722C0F8CA006D8022 /* AddNewGroupViewController.swift in Sources */ = {isa = PBXBuildFile; fileRef = 607B3CE622C0F8CA006D8022 /* AddNewGroupViewController.swift */; };
		6082F940230530B600DE4637 /* default2.realm in Resources */ = {isa = PBXBuildFile; fileRef = 6082F93F230530B600DE4637 /* default2.realm */; };
		6084B95022E1B147003053EB /* myTableRowAction.swift in Sources */ = {isa = PBXBuildFile; fileRef = 6084B94F22E1B147003053EB /* myTableRowAction.swift */; };
		6090DEF6230BCFD0000664E3 /* default1.realm in Resources */ = {isa = PBXBuildFile; fileRef = 6090DEF5230BCFD0000664E3 /* default1.realm */; };
		609A449D22B8B1DF0037102C /* AppDelegate.swift in Sources */ = {isa = PBXBuildFile; fileRef = 609A449C22B8B1DF0037102C /* AppDelegate.swift */; };
		609A449F22B8B1DF0037102C /* MainViewController.swift in Sources */ = {isa = PBXBuildFile; fileRef = 609A449E22B8B1DF0037102C /* MainViewController.swift */; };
		609A44A222B8B1DF0037102C /* Main.storyboard in Resources */ = {isa = PBXBuildFile; fileRef = 609A44A022B8B1DF0037102C /* Main.storyboard */; };
		609A44A422B8B1E00037102C /* Assets.xcassets in Resources */ = {isa = PBXBuildFile; fileRef = 609A44A322B8B1E00037102C /* Assets.xcassets */; };
		609A44A722B8B1E00037102C /* LaunchScreen.storyboard in Resources */ = {isa = PBXBuildFile; fileRef = 609A44A522B8B1E00037102C /* LaunchScreen.storyboard */; };
		609A44AF22B8B6330037102C /* MainViewCell.swift in Sources */ = {isa = PBXBuildFile; fileRef = 609A44AE22B8B6330037102C /* MainViewCell.swift */; };
		609A44B122B8B6440037102C /* AlphabetViewCell.swift in Sources */ = {isa = PBXBuildFile; fileRef = 609A44B022B8B6440037102C /* AlphabetViewCell.swift */; };
		609A44B422B8C3050037102C /* AlphabetStructure.swift in Sources */ = {isa = PBXBuildFile; fileRef = 609A44B322B8C3050037102C /* AlphabetStructure.swift */; };
		60AEFAAF22BCC212007FD02C /* CommonWithId.swift in Sources */ = {isa = PBXBuildFile; fileRef = 60AEFAAE22BCC212007FD02C /* CommonWithId.swift */; };
		60AEFAB322BCFB6B007FD02C /* FavoriteGroup.swift in Sources */ = {isa = PBXBuildFile; fileRef = 60AEFAB222BCFB6B007FD02C /* FavoriteGroup.swift */; };
		60B57CED22C0C5F00013304E /* MyGroupViewController.swift in Sources */ = {isa = PBXBuildFile; fileRef = 60B57CEC22C0C5F00013304E /* MyGroupViewController.swift */; };
		60C69F2A22E7239900AF993C /* AckordViewController.swift in Sources */ = {isa = PBXBuildFile; fileRef = 60C69F2922E7239900AF993C /* AckordViewController.swift */; };
		60D25919233C8D3200154175 /* PurchaseManager.swift in Sources */ = {isa = PBXBuildFile; fileRef = 60D25918233C8D3200154175 /* PurchaseManager.swift */; };
		60D2591B233CCCCE00154175 /* Tab.swift in Sources */ = {isa = PBXBuildFile; fileRef = 60D2591A233CCCCE00154175 /* Tab.swift */; };
		60E83430231D16CD00E0AB27 /* StoreKit.framework in Frameworks */ = {isa = PBXBuildFile; fileRef = 60E8342F231D16CD00E0AB27 /* StoreKit.framework */; };
		68325E18A0E25DFF1E8D9AD5 /* Pods_iguitar.framework in Frameworks */ = {isa = PBXBuildFile; fileRef = 8A78213B1CCE1480683B8B8C /* Pods_iguitar.framework */; };
/* End PBXBuildFile section */

/* Begin PBXFileReference section */
		4996A6B109361137DD2B736A /* Pods-iguitar.release.xcconfig */ = {isa = PBXFileReference; includeInIndex = 1; lastKnownFileType = text.xcconfig; name = "Pods-iguitar.release.xcconfig"; path = "Target Support Files/Pods-iguitar/Pods-iguitar.release.xcconfig"; sourceTree = "<group>"; };
		600216C322BB7EA9003CAC87 /* RealmDao.swift */ = {isa = PBXFileReference; lastKnownFileType = sourcecode.swift; path = RealmDao.swift; sourceTree = "<group>"; };
		601571D422C2471300E8D574 /* GroupDao.swift */ = {isa = PBXFileReference; lastKnownFileType = sourcecode.swift; path = GroupDao.swift; sourceTree = "<group>"; };
		602467D522C5F25B00D57E00 /* AddNewSongViewController.swift */ = {isa = PBXFileReference; lastKnownFileType = sourcecode.swift; path = AddNewSongViewController.swift; sourceTree = "<group>"; };
		602467DA22C6015900D57E00 /* AddNewItemProtocol.swift */ = {isa = PBXFileReference; lastKnownFileType = sourcecode.swift; path = AddNewItemProtocol.swift; sourceTree = "<group>"; };
		602467DC22C6212A00D57E00 /* TableViewController.swift */ = {isa = PBXFileReference; lastKnownFileType = sourcecode.swift; path = TableViewController.swift; sourceTree = "<group>"; };
		602467DE22C6245B00D57E00 /* File.swift */ = {isa = PBXFileReference; lastKnownFileType = sourcecode.swift; path = File.swift; sourceTree = "<group>"; };
		602467E022C6320A00D57E00 /* AckordDao.swift */ = {isa = PBXFileReference; lastKnownFileType = sourcecode.swift; path = AckordDao.swift; sourceTree = "<group>"; };
		60421CDA230146CA00DA5932 /* defaultPreNot.realm */ = {isa = PBXFileReference; lastKnownFileType = file; path = defaultPreNot.realm; sourceTree = "<group>"; };
		605A0CCD2327EC41001C5AEC /* default.realm */ = {isa = PBXFileReference; lastKnownFileType = file; path = default.realm; sourceTree = "<group>"; };
		605A6A1523265E500088ABBB /* defaultPic.realm */ = {isa = PBXFileReference; lastKnownFileType = file; path = defaultPic.realm; sourceTree = "<group>"; };
		6072B3FD22BA0F5100F9E5F6 /* GroupViewController.swift */ = {isa = PBXFileReference; lastKnownFileType = sourcecode.swift; path = GroupViewController.swift; sourceTree = "<group>"; };
		6072B3FF22BA12A400F9E5F6 /* Group.swift */ = {isa = PBXFileReference; lastKnownFileType = sourcecode.swift; path = Group.swift; sourceTree = "<group>"; };
		6072B40522BA146100F9E5F6 /* Song.swift */ = {isa = PBXFileReference; lastKnownFileType = sourcecode.swift; path = Song.swift; sourceTree = "<group>"; };
		6072B40722BA15A500F9E5F6 /* SongViewCell.swift */ = {isa = PBXFileReference; lastKnownFileType = sourcecode.swift; path = SongViewCell.swift; sourceTree = "<group>"; };
		6072B40A22BA275500F9E5F6 /* AckordViewCell.swift */ = {isa = PBXFileReference; lastKnownFileType = sourcecode.swift; path = AckordViewCell.swift; sourceTree = "<group>"; };
		6072B40C22BA4AE800F9E5F6 /* SongViewController.swift */ = {isa = PBXFileReference; lastKnownFileType = sourcecode.swift; path = SongViewController.swift; sourceTree = "<group>"; };
		6072B40E22BA4D1D00F9E5F6 /* Ackord.swift */ = {isa = PBXFileReference; lastKnownFileType = sourcecode.swift; path = Ackord.swift; sourceTree = "<group>"; };
		607B3CE622C0F8CA006D8022 /* AddNewGroupViewController.swift */ = {isa = PBXFileReference; lastKnownFileType = sourcecode.swift; path = AddNewGroupViewController.swift; sourceTree = "<group>"; };
		6082F93F230530B600DE4637 /* default2.realm */ = {isa = PBXFileReference; lastKnownFileType = file; path = default2.realm; sourceTree = "<group>"; };
		6084B94F22E1B147003053EB /* myTableRowAction.swift */ = {isa = PBXFileReference; lastKnownFileType = sourcecode.swift; path = myTableRowAction.swift; sourceTree = "<group>"; };
		6090DEF5230BCFD0000664E3 /* default1.realm */ = {isa = PBXFileReference; lastKnownFileType = file; path = default1.realm; sourceTree = "<group>"; };
		609A449922B8B1DF0037102C /* iguitar.app */ = {isa = PBXFileReference; explicitFileType = wrapper.application; includeInIndex = 0; path = iguitar.app; sourceTree = BUILT_PRODUCTS_DIR; };
		609A449C22B8B1DF0037102C /* AppDelegate.swift */ = {isa = PBXFileReference; lastKnownFileType = sourcecode.swift; path = AppDelegate.swift; sourceTree = "<group>"; };
		609A449E22B8B1DF0037102C /* MainViewController.swift */ = {isa = PBXFileReference; lastKnownFileType = sourcecode.swift; path = MainViewController.swift; sourceTree = "<group>"; };
		609A44A122B8B1DF0037102C /* Base */ = {isa = PBXFileReference; lastKnownFileType = file.storyboard; name = Base; path = Base.lproj/Main.storyboard; sourceTree = "<group>"; };
		609A44A322B8B1E00037102C /* Assets.xcassets */ = {isa = PBXFileReference; lastKnownFileType = folder.assetcatalog; path = Assets.xcassets; sourceTree = "<group>"; };
		609A44A622B8B1E00037102C /* Base */ = {isa = PBXFileReference; lastKnownFileType = file.storyboard; name = Base; path = Base.lproj/LaunchScreen.storyboard; sourceTree = "<group>"; };
		609A44A822B8B1E00037102C /* Info.plist */ = {isa = PBXFileReference; lastKnownFileType = text.plist.xml; path = Info.plist; sourceTree = "<group>"; };
		609A44AE22B8B6330037102C /* MainViewCell.swift */ = {isa = PBXFileReference; lastKnownFileType = sourcecode.swift; path = MainViewCell.swift; sourceTree = "<group>"; };
		609A44B022B8B6440037102C /* AlphabetViewCell.swift */ = {isa = PBXFileReference; lastKnownFileType = sourcecode.swift; path = AlphabetViewCell.swift; sourceTree = "<group>"; };
		609A44B322B8C3050037102C /* AlphabetStructure.swift */ = {isa = PBXFileReference; lastKnownFileType = sourcecode.swift; path = AlphabetStructure.swift; sourceTree = "<group>"; };
		60AEFAAE22BCC212007FD02C /* CommonWithId.swift */ = {isa = PBXFileReference; lastKnownFileType = sourcecode.swift; path = CommonWithId.swift; sourceTree = "<group>"; };
		60AEFAB222BCFB6B007FD02C /* FavoriteGroup.swift */ = {isa = PBXFileReference; lastKnownFileType = sourcecode.swift; path = FavoriteGroup.swift; sourceTree = "<group>"; };
		60B57CEC22C0C5F00013304E /* MyGroupViewController.swift */ = {isa = PBXFileReference; lastKnownFileType = sourcecode.swift; path = MyGroupViewController.swift; sourceTree = "<group>"; };
		60C69F2922E7239900AF993C /* AckordViewController.swift */ = {isa = PBXFileReference; lastKnownFileType = sourcecode.swift; path = AckordViewController.swift; sourceTree = "<group>"; };
		60D25918233C8D3200154175 /* PurchaseManager.swift */ = {isa = PBXFileReference; lastKnownFileType = sourcecode.swift; path = PurchaseManager.swift; sourceTree = "<group>"; };
		60D2591A233CCCCE00154175 /* Tab.swift */ = {isa = PBXFileReference; lastKnownFileType = sourcecode.swift; path = Tab.swift; sourceTree = "<group>"; };
		60E8342F231D16CD00E0AB27 /* StoreKit.framework */ = {isa = PBXFileReference; lastKnownFileType = wrapper.framework; name = StoreKit.framework; path = System/Library/Frameworks/StoreKit.framework; sourceTree = SDKROOT; };
		8A78213B1CCE1480683B8B8C /* Pods_iguitar.framework */ = {isa = PBXFileReference; explicitFileType = wrapper.framework; includeInIndex = 0; path = Pods_iguitar.framework; sourceTree = BUILT_PRODUCTS_DIR; };
		9BB59C9A7A526B8E5352567A /* Pods-iguitar.debug.xcconfig */ = {isa = PBXFileReference; includeInIndex = 1; lastKnownFileType = text.xcconfig; name = "Pods-iguitar.debug.xcconfig"; path = "Target Support Files/Pods-iguitar/Pods-iguitar.debug.xcconfig"; sourceTree = "<group>"; };
/* End PBXFileReference section */

/* Begin PBXFrameworksBuildPhase section */
		609A449622B8B1DF0037102C /* Frameworks */ = {
			isa = PBXFrameworksBuildPhase;
			buildActionMask = 2147483647;
			files = (
				68325E18A0E25DFF1E8D9AD5 /* Pods_iguitar.framework in Frameworks */,
				60E83430231D16CD00E0AB27 /* StoreKit.framework in Frameworks */,
			);
			runOnlyForDeploymentPostprocessing = 0;
		};
/* End PBXFrameworksBuildPhase section */

/* Begin PBXGroup section */
		3E3596524A8A815F088BF8DD /* Frameworks */ = {
			isa = PBXGroup;
			children = (
				60E8342F231D16CD00E0AB27 /* StoreKit.framework */,
				8A78213B1CCE1480683B8B8C /* Pods_iguitar.framework */,
			);
			name = Frameworks;
			sourceTree = "<group>";
		};
		602467D722C5F80400D57E00 /* Abstract */ = {
			isa = PBXGroup;
			children = (
				602467DA22C6015900D57E00 /* AddNewItemProtocol.swift */,
				602467DC22C6212A00D57E00 /* TableViewController.swift */,
			);
			name = Abstract;
			path = main;
			sourceTree = "<group>";
		};
		6072B40122BA13BB00F9E5F6 /* Group */ = {
			isa = PBXGroup;
			children = (
				607B3CE622C0F8CA006D8022 /* AddNewGroupViewController.swift */,
				6072B3FD22BA0F5100F9E5F6 /* GroupViewController.swift */,
				6072B40722BA15A500F9E5F6 /* SongViewCell.swift */,
			);
			path = Group;
			sourceTree = "<group>";
		};
		6072B40222BA140000F9E5F6 /* Song */ = {
			isa = PBXGroup;
			children = (
				6072B40A22BA275500F9E5F6 /* AckordViewCell.swift */,
				6072B40C22BA4AE800F9E5F6 /* SongViewController.swift */,
				602467D522C5F25B00D57E00 /* AddNewSongViewController.swift */,
			);
			path = Song;
			sourceTree = "<group>";
		};
		6072B40322BA141E00F9E5F6 /* Model */ = {
			isa = PBXGroup;
			children = (
				6072B3FF22BA12A400F9E5F6 /* Group.swift */,
				60AEFAAE22BCC212007FD02C /* CommonWithId.swift */,
				6072B40522BA146100F9E5F6 /* Song.swift */,
				6072B40E22BA4D1D00F9E5F6 /* Ackord.swift */,
			);
			path = Model;
			sourceTree = "<group>";
		};
		6072B40422BA143100F9E5F6 /* Dao */ = {
			isa = PBXGroup;
			children = (
				600216C322BB7EA9003CAC87 /* RealmDao.swift */,
				602467E022C6320A00D57E00 /* AckordDao.swift */,
				601571D422C2471300E8D574 /* GroupDao.swift */,
				602467DE22C6245B00D57E00 /* File.swift */,
			);
			path = Dao;
			sourceTree = "<group>";
		};
		609A449022B8B1DF0037102C = {
			isa = PBXGroup;
			children = (
				60D25917233C8CFB00154175 /* Manager */,
				609A449B22B8B1DF0037102C /* iguitar */,
				609A449A22B8B1DF0037102C /* Products */,
				E28C5C6D6A1761DF21670C37 /* Pods */,
				3E3596524A8A815F088BF8DD /* Frameworks */,
			);
			sourceTree = "<group>";
		};
		609A449A22B8B1DF0037102C /* Products */ = {
			isa = PBXGroup;
			children = (
				609A449922B8B1DF0037102C /* iguitar.app */,
			);
			name = Products;
			sourceTree = "<group>";
		};
		609A449B22B8B1DF0037102C /* iguitar */ = {
			isa = PBXGroup;
			children = (
				605A0CCD2327EC41001C5AEC /* default.realm */,
				605A6A1523265E500088ABBB /* defaultPic.realm */,
				6090DEF5230BCFD0000664E3 /* default1.realm */,
				6082F93F230530B600DE4637 /* default2.realm */,
				60421CDA230146CA00DA5932 /* defaultPreNot.realm */,
				60C69F2722E7035F00AF993C /* Utils */,
				602467D722C5F80400D57E00 /* Abstract */,
				6072B40422BA143100F9E5F6 /* Dao */,
				6072B40322BA141E00F9E5F6 /* Model */,
				60C69F2822E7231E00AF993C /* Ackord */,
				6072B40222BA140000F9E5F6 /* Song */,
				6072B40122BA13BB00F9E5F6 /* Group */,
				609A449C22B8B1DF0037102C /* AppDelegate.swift */,
				609A44B222B8B65B0037102C /* main */,
				609A44A022B8B1DF0037102C /* Main.storyboard */,
				609A44A322B8B1E00037102C /* Assets.xcassets */,
				609A44A522B8B1E00037102C /* LaunchScreen.storyboard */,
				609A44A822B8B1E00037102C /* Info.plist */,
			);
			path = iguitar;
			sourceTree = "<group>";
		};
		609A44B222B8B65B0037102C /* main */ = {
			isa = PBXGroup;
			children = (
				609A449E22B8B1DF0037102C /* MainViewController.swift */,
				60B57CEC22C0C5F00013304E /* MyGroupViewController.swift */,
				60AEFAB222BCFB6B007FD02C /* FavoriteGroup.swift */,
				609A44AE22B8B6330037102C /* MainViewCell.swift */,
				609A44B322B8C3050037102C /* AlphabetStructure.swift */,
				609A44B022B8B6440037102C /* AlphabetViewCell.swift */,
				6084B94F22E1B147003053EB /* myTableRowAction.swift */,
				60D2591A233CCCCE00154175 /* Tab.swift */,
			);
			path = main;
			sourceTree = "<group>";
		};
		60C69F2722E7035F00AF993C /* Utils */ = {
			isa = PBXGroup;
			children = (
			);
			name = Utils;
			sourceTree = "<group>";
		};
		60C69F2822E7231E00AF993C /* Ackord */ = {
			isa = PBXGroup;
			children = (
				60C69F2922E7239900AF993C /* AckordViewController.swift */,
			);
			name = Ackord;
			sourceTree = "<group>";
		};
		60D25917233C8CFB00154175 /* Manager */ = {
			isa = PBXGroup;
			children = (
				60D25918233C8D3200154175 /* PurchaseManager.swift */,
			);
			path = Manager;
			sourceTree = "<group>";
		};
		E28C5C6D6A1761DF21670C37 /* Pods */ = {
			isa = PBXGroup;
			children = (
				9BB59C9A7A526B8E5352567A /* Pods-iguitar.debug.xcconfig */,
				4996A6B109361137DD2B736A /* Pods-iguitar.release.xcconfig */,
			);
			path = Pods;
			sourceTree = "<group>";
		};
/* End PBXGroup section */

/* Begin PBXNativeTarget section */
		609A449822B8B1DF0037102C /* iguitar */ = {
			isa = PBXNativeTarget;
			buildConfigurationList = 609A44AB22B8B1E00037102C /* Build configuration list for PBXNativeTarget "iguitar" */;
			buildPhases = (
				6CC81320E21BC0A6E7602DEC /* [CP] Check Pods Manifest.lock */,
				609A449522B8B1DF0037102C /* Sources */,
				609A449622B8B1DF0037102C /* Frameworks */,
				609A449722B8B1DF0037102C /* Resources */,
				92E4AB499FC4AC8C5313B4DB /* [CP] Embed Pods Frameworks */,
			);
			buildRules = (
			);
			dependencies = (
			);
			name = iguitar;
			productName = iguitar;
			productReference = 609A449922B8B1DF0037102C /* iguitar.app */;
			productType = "com.apple.product-type.application";
		};
/* End PBXNativeTarget section */

/* Begin PBXProject section */
		609A449122B8B1DF0037102C /* Project object */ = {
			isa = PBXProject;
			attributes = {
				LastSwiftUpdateCheck = 1020;
				LastUpgradeCheck = 1020;
				ORGANIZATIONNAME = "Up Devel";
				TargetAttributes = {
					609A449822B8B1DF0037102C = {
						CreatedOnToolsVersion = 10.2.1;
						SystemCapabilities = {
							com.apple.InAppPurchase = {
								enabled = 1;
							};
						};
					};
				};
			};
			buildConfigurationList = 609A449422B8B1DF0037102C /* Build configuration list for PBXProject "iguitar" */;
			compatibilityVersion = "Xcode 9.3";
			developmentRegion = en;
			hasScannedForEncodings = 0;
			knownRegions = (
				en,
				Base,
			);
			mainGroup = 609A449022B8B1DF0037102C;
			productRefGroup = 609A449A22B8B1DF0037102C /* Products */;
			projectDirPath = "";
			projectRoot = "";
			targets = (
				609A449822B8B1DF0037102C /* iguitar */,
			);
		};
/* End PBXProject section */

/* Begin PBXResourcesBuildPhase section */
		609A449722B8B1DF0037102C /* Resources */ = {
			isa = PBXResourcesBuildPhase;
			buildActionMask = 2147483647;
			files = (
				6082F940230530B600DE4637 /* default2.realm in Resources */,
				605A0CCE2327EC41001C5AEC /* default.realm in Resources */,
				605A6A1623265E500088ABBB /* defaultPic.realm in Resources */,
				609A44A722B8B1E00037102C /* LaunchScreen.storyboard in Resources */,
				609A44A422B8B1E00037102C /* Assets.xcassets in Resources */,
				609A44A222B8B1DF0037102C /* Main.storyboard in Resources */,
				60421CDB230146CA00DA5932 /* defaultPreNot.realm in Resources */,
				6090DEF6230BCFD0000664E3 /* default1.realm in Resources */,
			);
			runOnlyForDeploymentPostprocessing = 0;
		};
/* End PBXResourcesBuildPhase section */

/* Begin PBXShellScriptBuildPhase section */
		6CC81320E21BC0A6E7602DEC /* [CP] Check Pods Manifest.lock */ = {
			isa = PBXShellScriptBuildPhase;
			buildActionMask = 2147483647;
			files = (
			);
			inputFileListPaths = (
			);
			inputPaths = (
				"${PODS_PODFILE_DIR_PATH}/Podfile.lock",
				"${PODS_ROOT}/Manifest.lock",
			);
			name = "[CP] Check Pods Manifest.lock";
			outputFileListPaths = (
			);
			outputPaths = (
				"$(DERIVED_FILE_DIR)/Pods-iguitar-checkManifestLockResult.txt",
			);
			runOnlyForDeploymentPostprocessing = 0;
			shellPath = /bin/sh;
			shellScript = "diff \"${PODS_PODFILE_DIR_PATH}/Podfile.lock\" \"${PODS_ROOT}/Manifest.lock\" > /dev/null\nif [ $? != 0 ] ; then\n    # print error to STDERR\n    echo \"error: The sandbox is not in sync with the Podfile.lock. Run 'pod install' or update your CocoaPods installation.\" >&2\n    exit 1\nfi\n# This output is used by Xcode 'outputs' to avoid re-running this script phase.\necho \"SUCCESS\" > \"${SCRIPT_OUTPUT_FILE_0}\"\n";
			showEnvVarsInLog = 0;
		};
		92E4AB499FC4AC8C5313B4DB /* [CP] Embed Pods Frameworks */ = {
			isa = PBXShellScriptBuildPhase;
			buildActionMask = 2147483647;
			files = (
			);
			inputFileListPaths = (
				"${PODS_ROOT}/Target Support Files/Pods-iguitar/Pods-iguitar-frameworks-${CONFIGURATION}-input-files.xcfilelist",
			);
			name = "[CP] Embed Pods Frameworks";
			outputFileListPaths = (
				"${PODS_ROOT}/Target Support Files/Pods-iguitar/Pods-iguitar-frameworks-${CONFIGURATION}-output-files.xcfilelist",
			);
			runOnlyForDeploymentPostprocessing = 0;
			shellPath = /bin/sh;
			shellScript = "\"${PODS_ROOT}/Target Support Files/Pods-iguitar/Pods-iguitar-frameworks.sh\"\n";
			showEnvVarsInLog = 0;
		};
/* End PBXShellScriptBuildPhase section */

/* Begin PBXSourcesBuildPhase section */
		609A449522B8B1DF0037102C /* Sources */ = {
			isa = PBXSourcesBuildPhase;
			buildActionMask = 2147483647;
			files = (
				6072B40022BA12A400F9E5F6 /* Group.swift in Sources */,
				6072B3FE22BA0F5100F9E5F6 /* GroupViewController.swift in Sources */,
				60D25919233C8D3200154175 /* PurchaseManager.swift in Sources */,
				602467E122C6320A00D57E00 /* AckordDao.swift in Sources */,
				602467D622C5F25B00D57E00 /* AddNewSongViewController.swift in Sources */,
				60B57CED22C0C5F00013304E /* MyGroupViewController.swift in Sources */,
				607B3CE722C0F8CA006D8022 /* AddNewGroupViewController.swift in Sources */,
				602467DF22C6245B00D57E00 /* File.swift in Sources */,
				609A44AF22B8B6330037102C /* MainViewCell.swift in Sources */,
				600216C422BB7EA9003CAC87 /* RealmDao.swift in Sources */,
				6072B40822BA15A500F9E5F6 /* SongViewCell.swift in Sources */,
				6084B95022E1B147003053EB /* myTableRowAction.swift in Sources */,
				60AEFAAF22BCC212007FD02C /* CommonWithId.swift in Sources */,
				6072B40B22BA275500F9E5F6 /* AckordViewCell.swift in Sources */,
				601571D522C2471300E8D574 /* GroupDao.swift in Sources */,
				609A44B122B8B6440037102C /* AlphabetViewCell.swift in Sources */,
				6072B40622BA146100F9E5F6 /* Song.swift in Sources */,
				6072B40F22BA4D1D00F9E5F6 /* Ackord.swift in Sources */,
				60AEFAB322BCFB6B007FD02C /* FavoriteGroup.swift in Sources */,
				609A44B422B8C3050037102C /* AlphabetStructure.swift in Sources */,
				602467DD22C6212A00D57E00 /* TableViewController.swift in Sources */,
				609A449F22B8B1DF0037102C /* MainViewController.swift in Sources */,
				60C69F2A22E7239900AF993C /* AckordViewController.swift in Sources */,
				602467DB22C6015900D57E00 /* AddNewItemProtocol.swift in Sources */,
				60D2591B233CCCCE00154175 /* Tab.swift in Sources */,
				609A449D22B8B1DF0037102C /* AppDelegate.swift in Sources */,
				6072B40D22BA4AE800F9E5F6 /* SongViewController.swift in Sources */,
			);
			runOnlyForDeploymentPostprocessing = 0;
		};
/* End PBXSourcesBuildPhase section */

/* Begin PBXVariantGroup section */
		609A44A022B8B1DF0037102C /* Main.storyboard */ = {
			isa = PBXVariantGroup;
			children = (
				609A44A122B8B1DF0037102C /* Base */,
			);
			name = Main.storyboard;
			sourceTree = "<group>";
		};
		609A44A522B8B1E00037102C /* LaunchScreen.storyboard */ = {
			isa = PBXVariantGroup;
			children = (
				609A44A622B8B1E00037102C /* Base */,
			);
			name = LaunchScreen.storyboard;
			sourceTree = "<group>";
		};
/* End PBXVariantGroup section */

/* Begin XCBuildConfiguration section */
		609A44A922B8B1E00037102C /* Debug */ = {
			isa = XCBuildConfiguration;
			buildSettings = {
				ALWAYS_SEARCH_USER_PATHS = NO;
				CLANG_ANALYZER_NONNULL = YES;
				CLANG_ANALYZER_NUMBER_OBJECT_CONVERSION = YES_AGGRESSIVE;
				CLANG_CXX_LANGUAGE_STANDARD = "gnu++14";
				CLANG_CXX_LIBRARY = "libc++";
				CLANG_ENABLE_MODULES = YES;
				CLANG_ENABLE_OBJC_ARC = YES;
				CLANG_ENABLE_OBJC_WEAK = YES;
				CLANG_WARN_BLOCK_CAPTURE_AUTORELEASING = YES;
				CLANG_WARN_BOOL_CONVERSION = YES;
				CLANG_WARN_COMMA = YES;
				CLANG_WARN_CONSTANT_CONVERSION = YES;
				CLANG_WARN_DEPRECATED_OBJC_IMPLEMENTATIONS = YES;
				CLANG_WARN_DIRECT_OBJC_ISA_USAGE = YES_ERROR;
				CLANG_WARN_DOCUMENTATION_COMMENTS = YES;
				CLANG_WARN_EMPTY_BODY = YES;
				CLANG_WARN_ENUM_CONVERSION = YES;
				CLANG_WARN_INFINITE_RECURSION = YES;
				CLANG_WARN_INT_CONVERSION = YES;
				CLANG_WARN_NON_LITERAL_NULL_CONVERSION = YES;
				CLANG_WARN_OBJC_IMPLICIT_RETAIN_SELF = YES;
				CLANG_WARN_OBJC_LITERAL_CONVERSION = YES;
				CLANG_WARN_OBJC_ROOT_CLASS = YES_ERROR;
				CLANG_WARN_RANGE_LOOP_ANALYSIS = YES;
				CLANG_WARN_STRICT_PROTOTYPES = YES;
				CLANG_WARN_SUSPICIOUS_MOVE = YES;
				CLANG_WARN_UNGUARDED_AVAILABILITY = YES_AGGRESSIVE;
				CLANG_WARN_UNREACHABLE_CODE = YES;
				CLANG_WARN__DUPLICATE_METHOD_MATCH = YES;
				CODE_SIGN_IDENTITY = "iPhone Developer";
				COPY_PHASE_STRIP = NO;
				DEBUG_INFORMATION_FORMAT = dwarf;
				ENABLE_STRICT_OBJC_MSGSEND = YES;
				ENABLE_TESTABILITY = YES;
				GCC_C_LANGUAGE_STANDARD = gnu11;
				GCC_DYNAMIC_NO_PIC = NO;
				GCC_NO_COMMON_BLOCKS = YES;
				GCC_OPTIMIZATION_LEVEL = 0;
				GCC_PREPROCESSOR_DEFINITIONS = (
					"DEBUG=1",
					"$(inherited)",
				);
				GCC_WARN_64_TO_32_BIT_CONVERSION = YES;
				GCC_WARN_ABOUT_RETURN_TYPE = YES_ERROR;
				GCC_WARN_UNDECLARED_SELECTOR = YES;
				GCC_WARN_UNINITIALIZED_AUTOS = YES_AGGRESSIVE;
				GCC_WARN_UNUSED_FUNCTION = YES;
				GCC_WARN_UNUSED_VARIABLE = YES;
				IPHONEOS_DEPLOYMENT_TARGET = 12.2;
				MTL_ENABLE_DEBUG_INFO = INCLUDE_SOURCE;
				MTL_FAST_MATH = YES;
				ONLY_ACTIVE_ARCH = YES;
				SDKROOT = iphoneos;
				SWIFT_ACTIVE_COMPILATION_CONDITIONS = DEBUG;
				SWIFT_OPTIMIZATION_LEVEL = "-Onone";
			};
			name = Debug;
		};
		609A44AA22B8B1E00037102C /* Release */ = {
			isa = XCBuildConfiguration;
			buildSettings = {
				ALWAYS_SEARCH_USER_PATHS = NO;
				CLANG_ANALYZER_NONNULL = YES;
				CLANG_ANALYZER_NUMBER_OBJECT_CONVERSION = YES_AGGRESSIVE;
				CLANG_CXX_LANGUAGE_STANDARD = "gnu++14";
				CLANG_CXX_LIBRARY = "libc++";
				CLANG_ENABLE_MODULES = YES;
				CLANG_ENABLE_OBJC_ARC = YES;
				CLANG_ENABLE_OBJC_WEAK = YES;
				CLANG_WARN_BLOCK_CAPTURE_AUTORELEASING = YES;
				CLANG_WARN_BOOL_CONVERSION = YES;
				CLANG_WARN_COMMA = YES;
				CLANG_WARN_CONSTANT_CONVERSION = YES;
				CLANG_WARN_DEPRECATED_OBJC_IMPLEMENTATIONS = YES;
				CLANG_WARN_DIRECT_OBJC_ISA_USAGE = YES_ERROR;
				CLANG_WARN_DOCUMENTATION_COMMENTS = YES;
				CLANG_WARN_EMPTY_BODY = YES;
				CLANG_WARN_ENUM_CONVERSION = YES;
				CLANG_WARN_INFINITE_RECURSION = YES;
				CLANG_WARN_INT_CONVERSION = YES;
				CLANG_WARN_NON_LITERAL_NULL_CONVERSION = YES;
				CLANG_WARN_OBJC_IMPLICIT_RETAIN_SELF = YES;
				CLANG_WARN_OBJC_LITERAL_CONVERSION = YES;
				CLANG_WARN_OBJC_ROOT_CLASS = YES_ERROR;
				CLANG_WARN_RANGE_LOOP_ANALYSIS = YES;
				CLANG_WARN_STRICT_PROTOTYPES = YES;
				CLANG_WARN_SUSPICIOUS_MOVE = YES;
				CLANG_WARN_UNGUARDED_AVAILABILITY = YES_AGGRESSIVE;
				CLANG_WARN_UNREACHABLE_CODE = YES;
				CLANG_WARN__DUPLICATE_METHOD_MATCH = YES;
				CODE_SIGN_IDENTITY = "iPhone Developer";
				COPY_PHASE_STRIP = NO;
				DEBUG_INFORMATION_FORMAT = "dwarf-with-dsym";
				ENABLE_NS_ASSERTIONS = NO;
				ENABLE_STRICT_OBJC_MSGSEND = YES;
				GCC_C_LANGUAGE_STANDARD = gnu11;
				GCC_NO_COMMON_BLOCKS = YES;
				GCC_WARN_64_TO_32_BIT_CONVERSION = YES;
				GCC_WARN_ABOUT_RETURN_TYPE = YES_ERROR;
				GCC_WARN_UNDECLARED_SELECTOR = YES;
				GCC_WARN_UNINITIALIZED_AUTOS = YES_AGGRESSIVE;
				GCC_WARN_UNUSED_FUNCTION = YES;
				GCC_WARN_UNUSED_VARIABLE = YES;
				IPHONEOS_DEPLOYMENT_TARGET = 12.2;
				MTL_ENABLE_DEBUG_INFO = NO;
				MTL_FAST_MATH = YES;
				SDKROOT = iphoneos;
				SWIFT_COMPILATION_MODE = wholemodule;
				SWIFT_OPTIMIZATION_LEVEL = "-O";
				VALIDATE_PRODUCT = YES;
			};
			name = Release;
		};
		609A44AC22B8B1E00037102C /* Debug */ = {
			isa = XCBuildConfiguration;
			baseConfigurationReference = 9BB59C9A7A526B8E5352567A /* Pods-iguitar.debug.xcconfig */;
			buildSettings = {
				ASSETCATALOG_COMPILER_APPICON_NAME = AppIcon;
				CODE_SIGN_STYLE = Automatic;
				DEVELOPMENT_TEAM = 8R9NA68S2R;
				INFOPLIST_FILE = iguitar/Info.plist;
				IPHONEOS_DEPLOYMENT_TARGET = 11.0;
				LD_RUNPATH_SEARCH_PATHS = (
					"$(inherited)",
					"@executable_path/Frameworks",
				);
				PRODUCT_BUNDLE_IDENTIFIER = com.updevel.iguitar;
				PRODUCT_NAME = "$(TARGET_NAME)";
				SWIFT_VERSION = 5.0;
				TARGETED_DEVICE_FAMILY = "1,2";
			};
			name = Debug;
		};
		609A44AD22B8B1E00037102C /* Release */ = {
			isa = XCBuildConfiguration;
			baseConfigurationReference = 4996A6B109361137DD2B736A /* Pods-iguitar.release.xcconfig */;
			buildSettings = {
				ASSETCATALOG_COMPILER_APPICON_NAME = AppIcon;
				CODE_SIGN_STYLE = Automatic;
				DEVELOPMENT_TEAM = 8R9NA68S2R;
				INFOPLIST_FILE = iguitar/Info.plist;
				IPHONEOS_DEPLOYMENT_TARGET = 11.0;
				LD_RUNPATH_SEARCH_PATHS = (
					"$(inherited)",
					"@executable_path/Frameworks",
				);
				PRODUCT_BUNDLE_IDENTIFIER = com.updevel.iguitar;
				PRODUCT_NAME = "$(TARGET_NAME)";
				SWIFT_VERSION = 5.0;
				TARGETED_DEVICE_FAMILY = "1,2";
			};
			name = Release;
		};
/* End XCBuildConfiguration section */

/* Begin XCConfigurationList section */
		609A449422B8B1DF0037102C /* Build configuration list for PBXProject "iguitar" */ = {
			isa = XCConfigurationList;
			buildConfigurations = (
				609A44A922B8B1E00037102C /* Debug */,
				609A44AA22B8B1E00037102C /* Release */,
			);
			defaultConfigurationIsVisible = 0;
			defaultConfigurationName = Release;
		};
		609A44AB22B8B1E00037102C /* Build configuration list for PBXNativeTarget "iguitar" */ = {
			isa = XCConfigurationList;
			buildConfigurations = (
				609A44AC22B8B1E00037102C /* Debug */,
				609A44AD22B8B1E00037102C /* Release */,
			);
			defaultConfigurationIsVisible = 0;
			defaultConfigurationName = Release;
		};
/* End XCConfigurationList section */
	};
	rootObject = 609A449122B8B1DF0037102C /* Project object */;
}
